
Microsoft Visual Studio Solution File, Format Version 12.00
# Visual Studio Version 16
VisualStudioVersion = 16.0.28803.452
MinimumVisualStudioVersion = 10.0.40219.1
Project("{F2A71F9B-5D33-465A-A702-920D77279786}") = "LetsGetFunctional", "LetsGetFunctional\LetsGetFunctional.fsproj", "{2B17B324-0D7F-4ECC-99A5-29AC4AC4394E}"
EndProject
Global
	GlobalSection(SolutionConfigurationPlatforms) = preSolution
		Debug|Any CPU = Debug|Any CPU
		Release|Any CPU = Release|Any CPU
	EndGlobalSection
	GlobalSection(ProjectConfigurationPlatforms) = postSolution
		{2B17B324-0D7F-4ECC-99A5-29AC4AC4394E}.Debug|Any CPU.ActiveCfg = Debug|Any CPU
		{2B17B324-0D7F-4ECC-99A5-29AC4AC4394E}.Debug|Any CPU.Build.0 = Debug|Any CPU
		{2B17B324-0D7F-4ECC-99A5-29AC4AC4394E}.Release|Any CPU.ActiveCfg = Release|Any CPU
		{2B17B324-0D7F-4ECC-99A5-29AC4AC4394E}.Release|Any CPU.Build.0 = Release|Any CPU
	EndGlobalSection
	GlobalSection(SolutionProperties) = preSolution
		HideSolutionNode = FALSE
	EndGlobalSection
	GlobalSection(ExtensibilityGlobals) = postSolution
		SolutionGuid = {08316CBA-79C4-49B7-9EDB-CEFFA76B1B09}
	EndGlobalSection
EndGlobal
